// !$*UTF8*$!
{
	archiveVersion = 1;
	classes = {
	};
	objectVersion = 48;
	objects = {

/* Begin PBXBuildFile section */
		24216ECC2014189900457CD2 /* GradientView.swift in Sources */ = {isa = PBXBuildFile; fileRef = 24216ECB2014189900457CD2 /* GradientView.swift */; };
		24216ED22015993900457CD2 /* PeerTutorTab.storyboard in Resources */ = {isa = PBXBuildFile; fileRef = 24216ED12015993900457CD2 /* PeerTutorTab.storyboard */; };
		24216ED620159C2D00457CD2 /* Admin.storyboard in Resources */ = {isa = PBXBuildFile; fileRef = 24216ED520159C2D00457CD2 /* Admin.storyboard */; };
		24216ED820159C5C00457CD2 /* StudentTab.storyboard in Resources */ = {isa = PBXBuildFile; fileRef = 24216ED720159C5C00457CD2 /* StudentTab.storyboard */; };
		24216EDA20159FC100457CD2 /* GoogleService-Info.plist in Resources */ = {isa = PBXBuildFile; fileRef = 24216ED920159FC100457CD2 /* GoogleService-Info.plist */; };
		243AED892001C0D2007DF4C6 /* LoggedInViewController.swift in Sources */ = {isa = PBXBuildFile; fileRef = 243AED882001C0D2007DF4C6 /* LoggedInViewController.swift */; };
		243AED972001DCFF007DF4C6 /* LoggedInViewController.storyboard in Resources */ = {isa = PBXBuildFile; fileRef = 243AED922001DCFF007DF4C6 /* LoggedInViewController.storyboard */; };
		2473EB0F201D08D600CE838F /* StudentTableViewCell.swift in Sources */ = {isa = PBXBuildFile; fileRef = 2473EB0E201D08D600CE838F /* StudentTableViewCell.swift */; };
		2473EB15201D0B7100CE838F /* Default-568h@2x.png in Resources */ = {isa = PBXBuildFile; fileRef = 2473EB14201D0B7100CE838F /* Default-568h@2x.png */; };
		2473EB17201D0C9C00CE838F /* StudentTableViewController.swift in Sources */ = {isa = PBXBuildFile; fileRef = 2473EB16201D0C9C00CE838F /* StudentTableViewController.swift */; };
		2473EB1D201D8AA200CE838F /* Session.swift in Sources */ = {isa = PBXBuildFile; fileRef = 2473EB1C201D8AA200CE838F /* Session.swift */; };
		2473EB1F201D8E7900CE838F /* StudentViewController.swift in Sources */ = {isa = PBXBuildFile; fileRef = 2473EB1E201D8E7900CE838F /* StudentViewController.swift */; };
		24D12BD02002B26700491EC6 /* ForgotPasswordVC.swift in Sources */ = {isa = PBXBuildFile; fileRef = 24D12BCF2002B26700491EC6 /* ForgotPasswordVC.swift */; };
		24D12BD22002B35200491EC6 /* SignUpVC.swift in Sources */ = {isa = PBXBuildFile; fileRef = 24D12BD12002B35200491EC6 /* SignUpVC.swift */; };
		24D12BD62003110D00491EC6 /* HomeVC.swift in Sources */ = {isa = PBXBuildFile; fileRef = 24D12BD52003110D00491EC6 /* HomeVC.swift */; };
		24D5CA9B1FD5D19C00B1EDD7 /* AppDelegate.swift in Sources */ = {isa = PBXBuildFile; fileRef = 24D5CA9A1FD5D19C00B1EDD7 /* AppDelegate.swift */; };
		24D5CA9D1FD5D19C00B1EDD7 /* ViewController.swift in Sources */ = {isa = PBXBuildFile; fileRef = 24D5CA9C1FD5D19C00B1EDD7 /* ViewController.swift */; };
		24D5CAA01FD5D19C00B1EDD7 /* Main.storyboard in Resources */ = {isa = PBXBuildFile; fileRef = 24D5CA9E1FD5D19C00B1EDD7 /* Main.storyboard */; };
		24D5CAA21FD5D19C00B1EDD7 /* Assets.xcassets in Resources */ = {isa = PBXBuildFile; fileRef = 24D5CAA11FD5D19C00B1EDD7 /* Assets.xcassets */; };
		99590790FE8527CD41999B44 /* Pods_Kevin.framework in Frameworks */ = {isa = PBXBuildFile; fileRef = F1C9C7542F2036C8A2D104BC /* Pods_Kevin.framework */; };
/* End PBXBuildFile section */

/* Begin PBXFileReference section */
		24216ECB2014189900457CD2 /* GradientView.swift */ = {isa = PBXFileReference; lastKnownFileType = sourcecode.swift; path = GradientView.swift; sourceTree = "<group>"; };
		24216ED12015993900457CD2 /* PeerTutorTab.storyboard */ = {isa = PBXFileReference; fileEncoding = 4; lastKnownFileType = file.storyboard; path = PeerTutorTab.storyboard; sourceTree = "<group>"; };
		24216ED520159C2D00457CD2 /* Admin.storyboard */ = {isa = PBXFileReference; fileEncoding = 4; lastKnownFileType = file.storyboard; path = Admin.storyboard; sourceTree = "<group>"; };
		24216ED720159C5C00457CD2 /* StudentTab.storyboard */ = {isa = PBXFileReference; fileEncoding = 4; lastKnownFileType = file.storyboard; path = StudentTab.storyboard; sourceTree = "<group>"; };
		24216ED920159FC100457CD2 /* GoogleService-Info.plist */ = {isa = PBXFileReference; fileEncoding = 4; lastKnownFileType = text.plist.xml; name = "GoogleService-Info.plist"; path = "Kevin/Service/GoogleService-Info.plist"; sourceTree = SOURCE_ROOT; };
		243AED882001C0D2007DF4C6 /* LoggedInViewController.swift */ = {isa = PBXFileReference; lastKnownFileType = sourcecode.swift; path = LoggedInViewController.swift; sourceTree = "<group>"; };
		243AED932001DCFF007DF4C6 /* Base */ = {isa = PBXFileReference; lastKnownFileType = file.storyboard; name = Base; path = Base.lproj/LoggedInViewController.storyboard; sourceTree = "<group>"; };
		2473EB0E201D08D600CE838F /* StudentTableViewCell.swift */ = {isa = PBXFileReference; lastKnownFileType = sourcecode.swift; path = StudentTableViewCell.swift; sourceTree = "<group>"; };
		2473EB14201D0B7100CE838F /* Default-568h@2x.png */ = {isa = PBXFileReference; lastKnownFileType = image.png; path = "Default-568h@2x.png"; sourceTree = "<group>"; };
		2473EB16201D0C9C00CE838F /* StudentTableViewController.swift */ = {isa = PBXFileReference; lastKnownFileType = sourcecode.swift; path = StudentTableViewController.swift; sourceTree = "<group>"; };
		2473EB1C201D8AA200CE838F /* Session.swift */ = {isa = PBXFileReference; lastKnownFileType = sourcecode.swift; path = Session.swift; sourceTree = "<group>"; };
		2473EB1E201D8E7900CE838F /* StudentViewController.swift */ = {isa = PBXFileReference; lastKnownFileType = sourcecode.swift; path = StudentViewController.swift; sourceTree = "<group>"; };
		24D12BCF2002B26700491EC6 /* ForgotPasswordVC.swift */ = {isa = PBXFileReference; lastKnownFileType = sourcecode.swift; path = ForgotPasswordVC.swift; sourceTree = "<group>"; };
		24D12BD12002B35200491EC6 /* SignUpVC.swift */ = {isa = PBXFileReference; lastKnownFileType = sourcecode.swift; path = SignUpVC.swift; sourceTree = "<group>"; };
		24D12BD52003110D00491EC6 /* HomeVC.swift */ = {isa = PBXFileReference; lastKnownFileType = sourcecode.swift; path = HomeVC.swift; sourceTree = "<group>"; };
		24D5CA971FD5D19C00B1EDD7 /* Kevin.app */ = {isa = PBXFileReference; explicitFileType = wrapper.application; includeInIndex = 0; path = Kevin.app; sourceTree = BUILT_PRODUCTS_DIR; };
		24D5CA9A1FD5D19C00B1EDD7 /* AppDelegate.swift */ = {isa = PBXFileReference; lastKnownFileType = sourcecode.swift; path = AppDelegate.swift; sourceTree = "<group>"; };
		24D5CA9C1FD5D19C00B1EDD7 /* ViewController.swift */ = {isa = PBXFileReference; lastKnownFileType = sourcecode.swift; path = ViewController.swift; sourceTree = "<group>"; };
		24D5CA9F1FD5D19C00B1EDD7 /* Base */ = {isa = PBXFileReference; lastKnownFileType = file.storyboard; name = Base; path = Base.lproj/Main.storyboard; sourceTree = "<group>"; };
		24D5CAA11FD5D19C00B1EDD7 /* Assets.xcassets */ = {isa = PBXFileReference; lastKnownFileType = folder.assetcatalog; path = Assets.xcassets; sourceTree = "<group>"; };
		24D5CAA61FD5D19C00B1EDD7 /* Info.plist */ = {isa = PBXFileReference; lastKnownFileType = text.plist.xml; path = Info.plist; sourceTree = "<group>"; };
		284E604B31FA1165D25C509A /* Pods-Kevin.debug.xcconfig */ = {isa = PBXFileReference; includeInIndex = 1; lastKnownFileType = text.xcconfig; name = "Pods-Kevin.debug.xcconfig"; path = "Pods/Target Support Files/Pods-Kevin/Pods-Kevin.debug.xcconfig"; sourceTree = "<group>"; };
		53B8520AB50839189DB0FB70 /* Pods-Kevin.release.xcconfig */ = {isa = PBXFileReference; includeInIndex = 1; lastKnownFileType = text.xcconfig; name = "Pods-Kevin.release.xcconfig"; path = "Pods/Target Support Files/Pods-Kevin/Pods-Kevin.release.xcconfig"; sourceTree = "<group>"; };
		F1C9C7542F2036C8A2D104BC /* Pods_Kevin.framework */ = {isa = PBXFileReference; explicitFileType = wrapper.framework; includeInIndex = 0; path = Pods_Kevin.framework; sourceTree = BUILT_PRODUCTS_DIR; };
/* End PBXFileReference section */

/* Begin PBXFrameworksBuildPhase section */
		24D5CA941FD5D19C00B1EDD7 /* Frameworks */ = {
			isa = PBXFrameworksBuildPhase;
			buildActionMask = 2147483647;
			files = (
				99590790FE8527CD41999B44 /* Pods_Kevin.framework in Frameworks */,
			);
			runOnlyForDeploymentPostprocessing = 0;
		};
/* End PBXFrameworksBuildPhase section */

/* Begin PBXGroup section */
		2473EB10201D098500CE838F /* Storyboards */ = {
			isa = PBXGroup;
			children = (
				24216ED520159C2D00457CD2 /* Admin.storyboard */,
				24216ED12015993900457CD2 /* PeerTutorTab.storyboard */,
				24216ED720159C5C00457CD2 /* StudentTab.storyboard */,
				243AED922001DCFF007DF4C6 /* LoggedInViewController.storyboard */,
				24D5CA9E1FD5D19C00B1EDD7 /* Main.storyboard */,
			);
			path = Storyboards;
			sourceTree = "<group>";
		};
		2473EB11201D09B600CE838F /* Service */ = {
			isa = PBXGroup;
			children = (
				24D5CAA11FD5D19C00B1EDD7 /* Assets.xcassets */,
				24216ED920159FC100457CD2 /* GoogleService-Info.plist */,
				24216ECB2014189900457CD2 /* GradientView.swift */,
			);
			path = Service;
			sourceTree = "<group>";
		};
		24D5CA8E1FD5D19B00B1EDD7 = {
			isa = PBXGroup;
			children = (
				2473EB14201D0B7100CE838F /* Default-568h@2x.png */,
				24D5CA991FD5D19C00B1EDD7 /* Kevin */,
				24D5CA981FD5D19C00B1EDD7 /* Products */,
				78F04AC350959B680B322676 /* Pods */,
				33F2E2AA17D51C819BA9AB63 /* Frameworks */,
			);
			sourceTree = "<group>";
		};
		24D5CA981FD5D19C00B1EDD7 /* Products */ = {
			isa = PBXGroup;
			children = (
				24D5CA971FD5D19C00B1EDD7 /* Kevin.app */,
			);
			name = Products;
			sourceTree = "<group>";
		};
		24D5CA991FD5D19C00B1EDD7 /* Kevin */ = {
			isa = PBXGroup;
			children = (
				24D5CA9A1FD5D19C00B1EDD7 /* AppDelegate.swift */,
				24D5CA9C1FD5D19C00B1EDD7 /* ViewController.swift */,
				243AED882001C0D2007DF4C6 /* LoggedInViewController.swift */,
				24D12BCF2002B26700491EC6 /* ForgotPasswordVC.swift */,
				24D12BD12002B35200491EC6 /* SignUpVC.swift */,
				24D12BD52003110D00491EC6 /* HomeVC.swift */,
				2473EB0E201D08D600CE838F /* StudentTableViewCell.swift */,
				2473EB1E201D8E7900CE838F /* StudentViewController.swift */,
				2473EB16201D0C9C00CE838F /* StudentTableViewController.swift */,
				24D5CAA61FD5D19C00B1EDD7 /* Info.plist */,
				2473EB11201D09B600CE838F /* Service */,
				2473EB10201D098500CE838F /* Storyboards */,
				2473EB1C201D8AA200CE838F /* Session.swift */,
			);
			path = Kevin;
			sourceTree = "<group>";
		};
		33F2E2AA17D51C819BA9AB63 /* Frameworks */ = {
			isa = PBXGroup;
			children = (
				F1C9C7542F2036C8A2D104BC /* Pods_Kevin.framework */,
			);
			name = Frameworks;
			sourceTree = "<group>";
		};
		78F04AC350959B680B322676 /* Pods */ = {
			isa = PBXGroup;
			children = (
				284E604B31FA1165D25C509A /* Pods-Kevin.debug.xcconfig */,
				53B8520AB50839189DB0FB70 /* Pods-Kevin.release.xcconfig */,
			);
			name = Pods;
			sourceTree = "<group>";
		};
/* End PBXGroup section */

/* Begin PBXNativeTarget section */
		24D5CA961FD5D19C00B1EDD7 /* Kevin */ = {
			isa = PBXNativeTarget;
			buildConfigurationList = 24D5CAA91FD5D19C00B1EDD7 /* Build configuration list for PBXNativeTarget "Kevin" */;
			buildPhases = (
				EBA8AAE3EADA9F9A3BB794F3 /* [CP] Check Pods Manifest.lock */,
				24D5CA931FD5D19C00B1EDD7 /* Sources */,
				24D5CA941FD5D19C00B1EDD7 /* Frameworks */,
				24D5CA951FD5D19C00B1EDD7 /* Resources */,
				B012F41BC0D43B6C1092B0C9 /* [CP] Embed Pods Frameworks */,
				5D3B3D46EC56BDB80178C86D /* [CP] Copy Pods Resources */,
			);
			buildRules = (
			);
			dependencies = (
			);
			name = Kevin;
			productName = Kevin;
			productReference = 24D5CA971FD5D19C00B1EDD7 /* Kevin.app */;
			productType = "com.apple.product-type.application";
		};
/* End PBXNativeTarget section */

/* Begin PBXProject section */
		24D5CA8F1FD5D19B00B1EDD7 /* Project object */ = {
			isa = PBXProject;
			attributes = {
				LastSwiftUpdateCheck = 0910;
				LastUpgradeCheck = 0910;
				ORGANIZATIONNAME = Tantivirun;
				TargetAttributes = {
					24D5CA961FD5D19C00B1EDD7 = {
						CreatedOnToolsVersion = 9.1;
						ProvisioningStyle = Automatic;
					};
				};
			};
			buildConfigurationList = 24D5CA921FD5D19C00B1EDD7 /* Build configuration list for PBXProject "Kevin" */;
			compatibilityVersion = "Xcode 8.0";
			developmentRegion = en;
			hasScannedForEncodings = 0;
			knownRegions = (
				en,
				Base,
			);
			mainGroup = 24D5CA8E1FD5D19B00B1EDD7;
			productRefGroup = 24D5CA981FD5D19C00B1EDD7 /* Products */;
			projectDirPath = "";
			projectRoot = "";
			targets = (
				24D5CA961FD5D19C00B1EDD7 /* Kevin */,
			);
		};
/* End PBXProject section */

/* Begin PBXResourcesBuildPhase section */
		24D5CA951FD5D19C00B1EDD7 /* Resources */ = {
			isa = PBXResourcesBuildPhase;
			buildActionMask = 2147483647;
			files = (
				24216ED620159C2D00457CD2 /* Admin.storyboard in Resources */,
				24216EDA20159FC100457CD2 /* GoogleService-Info.plist in Resources */,
				24216ED820159C5C00457CD2 /* StudentTab.storyboard in Resources */,
				24216ED22015993900457CD2 /* PeerTutorTab.storyboard in Resources */,
				243AED972001DCFF007DF4C6 /* LoggedInViewController.storyboard in Resources */,
				2473EB15201D0B7100CE838F /* Default-568h@2x.png in Resources */,
				24D5CAA21FD5D19C00B1EDD7 /* Assets.xcassets in Resources */,
				24D5CAA01FD5D19C00B1EDD7 /* Main.storyboard in Resources */,
			);
			runOnlyForDeploymentPostprocessing = 0;
		};
/* End PBXResourcesBuildPhase section */

/* Begin PBXShellScriptBuildPhase section */
		5D3B3D46EC56BDB80178C86D /* [CP] Copy Pods Resources */ = {
			isa = PBXShellScriptBuildPhase;
			buildActionMask = 2147483647;
			files = (
			);
			inputPaths = (
			);
			name = "[CP] Copy Pods Resources";
			outputPaths = (
			);
			runOnlyForDeploymentPostprocessing = 0;
			shellPath = /bin/sh;
			shellScript = "\"${SRCROOT}/Pods/Target Support Files/Pods-Kevin/Pods-Kevin-resources.sh\"\n";
			showEnvVarsInLog = 0;
		};
		B012F41BC0D43B6C1092B0C9 /* [CP] Embed Pods Frameworks */ = {
			isa = PBXShellScriptBuildPhase;
			buildActionMask = 2147483647;
			files = (
			);
			inputPaths = (
				"${SRCROOT}/Pods/Target Support Files/Pods-Kevin/Pods-Kevin-frameworks.sh",
				"${BUILT_PRODUCTS_DIR}/GTMSessionFetcher/GTMSessionFetcher.framework",
				"${BUILT_PRODUCTS_DIR}/GoogleToolboxForMac/GoogleToolboxForMac.framework",
				"${BUILT_PRODUCTS_DIR}/nanopb/nanopb.framework",
			);
			name = "[CP] Embed Pods Frameworks";
			outputPaths = (
				"${TARGET_BUILD_DIR}/${FRAMEWORKS_FOLDER_PATH}/GTMSessionFetcher.framework",
				"${TARGET_BUILD_DIR}/${FRAMEWORKS_FOLDER_PATH}/GoogleToolboxForMac.framework",
				"${TARGET_BUILD_DIR}/${FRAMEWORKS_FOLDER_PATH}/nanopb.framework",
			);
			runOnlyForDeploymentPostprocessing = 0;
			shellPath = /bin/sh;
			shellScript = "\"${SRCROOT}/Pods/Target Support Files/Pods-Kevin/Pods-Kevin-frameworks.sh\"\n";
			showEnvVarsInLog = 0;
		};
		EBA8AAE3EADA9F9A3BB794F3 /* [CP] Check Pods Manifest.lock */ = {
			isa = PBXShellScriptBuildPhase;
			buildActionMask = 2147483647;
			files = (
			);
			inputPaths = (
				"${PODS_PODFILE_DIR_PATH}/Podfile.lock",
				"${PODS_ROOT}/Manifest.lock",
			);
			name = "[CP] Check Pods Manifest.lock";
			outputPaths = (
				"$(DERIVED_FILE_DIR)/Pods-Kevin-checkManifestLockResult.txt",
			);
			runOnlyForDeploymentPostprocessing = 0;
			shellPath = /bin/sh;
			shellScript = "diff \"${PODS_PODFILE_DIR_PATH}/Podfile.lock\" \"${PODS_ROOT}/Manifest.lock\" > /dev/null\nif [ $? != 0 ] ; then\n    # print error to STDERR\n    echo \"error: The sandbox is not in sync with the Podfile.lock. Run 'pod install' or update your CocoaPods installation.\" >&2\n    exit 1\nfi\n# This output is used by Xcode 'outputs' to avoid re-running this script phase.\necho \"SUCCESS\" > \"${SCRIPT_OUTPUT_FILE_0}\"\n";
			showEnvVarsInLog = 0;
		};
/* End PBXShellScriptBuildPhase section */

/* Begin PBXSourcesBuildPhase section */
		24D5CA931FD5D19C00B1EDD7 /* Sources */ = {
			isa = PBXSourcesBuildPhase;
			buildActionMask = 2147483647;
			files = (
				2473EB1D201D8AA200CE838F /* Session.swift in Sources */,
				243AED892001C0D2007DF4C6 /* LoggedInViewController.swift in Sources */,
				24D5CA9D1FD5D19C00B1EDD7 /* ViewController.swift in Sources */,
				24D12BD02002B26700491EC6 /* ForgotPasswordVC.swift in Sources */,
				24D12BD62003110D00491EC6 /* HomeVC.swift in Sources */,
				24216ECC2014189900457CD2 /* GradientView.swift in Sources */,
				2473EB0F201D08D600CE838F /* StudentTableViewCell.swift in Sources */,
				24D12BD22002B35200491EC6 /* SignUpVC.swift in Sources */,
				24D5CA9B1FD5D19C00B1EDD7 /* AppDelegate.swift in Sources */,
				2473EB17201D0C9C00CE838F /* StudentTableViewController.swift in Sources */,
				2473EB1F201D8E7900CE838F /* StudentViewController.swift in Sources */,
			);
			runOnlyForDeploymentPostprocessing = 0;
		};
/* End PBXSourcesBuildPhase section */

/* Begin PBXVariantGroup section */
		243AED922001DCFF007DF4C6 /* LoggedInViewController.storyboard */ = {
			isa = PBXVariantGroup;
			children = (
				243AED932001DCFF007DF4C6 /* Base */,
			);
			name = LoggedInViewController.storyboard;
			sourceTree = "<group>";
		};
		24D5CA9E1FD5D19C00B1EDD7 /* Main.storyboard */ = {
			isa = PBXVariantGroup;
			children = (
				24D5CA9F1FD5D19C00B1EDD7 /* Base */,
			);
			name = Main.storyboard;
			sourceTree = "<group>";
		};
/* End PBXVariantGroup section */

/* Begin XCBuildConfiguration section */
		24D5CAA71FD5D19C00B1EDD7 /* Debug */ = {
			isa = XCBuildConfiguration;
			buildSettings = {
				ALWAYS_SEARCH_USER_PATHS = NO;
				CLANG_ANALYZER_NONNULL = YES;
				CLANG_ANALYZER_NUMBER_OBJECT_CONVERSION = YES_AGGRESSIVE;
				CLANG_CXX_LANGUAGE_STANDARD = "gnu++14";
				CLANG_CXX_LIBRARY = "libc++";
				CLANG_ENABLE_MODULES = YES;
				CLANG_ENABLE_OBJC_ARC = YES;
				CLANG_WARN_BLOCK_CAPTURE_AUTORELEASING = YES;
				CLANG_WARN_BOOL_CONVERSION = YES;
				CLANG_WARN_COMMA = YES;
				CLANG_WARN_CONSTANT_CONVERSION = YES;
				CLANG_WARN_DIRECT_OBJC_ISA_USAGE = YES_ERROR;
				CLANG_WARN_DOCUMENTATION_COMMENTS = YES;
				CLANG_WARN_EMPTY_BODY = YES;
				CLANG_WARN_ENUM_CONVERSION = YES;
				CLANG_WARN_INFINITE_RECURSION = YES;
				CLANG_WARN_INT_CONVERSION = YES;
				CLANG_WARN_NON_LITERAL_NULL_CONVERSION = YES;
				CLANG_WARN_OBJC_LITERAL_CONVERSION = YES;
				CLANG_WARN_OBJC_ROOT_CLASS = YES_ERROR;
				CLANG_WARN_RANGE_LOOP_ANALYSIS = YES;
				CLANG_WARN_STRICT_PROTOTYPES = YES;
				CLANG_WARN_SUSPICIOUS_MOVE = YES;
				CLANG_WARN_UNGUARDED_AVAILABILITY = YES_AGGRESSIVE;
				CLANG_WARN_UNREACHABLE_CODE = YES;
				CLANG_WARN__DUPLICATE_METHOD_MATCH = YES;
				CODE_SIGN_IDENTITY = "iPhone Developer";
				COPY_PHASE_STRIP = NO;
				DEBUG_INFORMATION_FORMAT = dwarf;
				ENABLE_STRICT_OBJC_MSGSEND = YES;
				ENABLE_TESTABILITY = YES;
				GCC_C_LANGUAGE_STANDARD = gnu11;
				GCC_DYNAMIC_NO_PIC = NO;
				GCC_NO_COMMON_BLOCKS = YES;
				GCC_OPTIMIZATION_LEVEL = 0;
				GCC_PREPROCESSOR_DEFINITIONS = (
					"DEBUG=1",
					"$(inherited)",
				);
				GCC_WARN_64_TO_32_BIT_CONVERSION = YES;
				GCC_WARN_ABOUT_RETURN_TYPE = YES_ERROR;
				GCC_WARN_UNDECLARED_SELECTOR = YES;
				GCC_WARN_UNINITIALIZED_AUTOS = YES_AGGRESSIVE;
				GCC_WARN_UNUSED_FUNCTION = YES;
				GCC_WARN_UNUSED_VARIABLE = YES;
				IPHONEOS_DEPLOYMENT_TARGET = 11.1;
				MTL_ENABLE_DEBUG_INFO = YES;
				ONLY_ACTIVE_ARCH = YES;
				SDKROOT = iphoneos;
				SWIFT_ACTIVE_COMPILATION_CONDITIONS = DEBUG;
				SWIFT_OPTIMIZATION_LEVEL = "-Onone";
			};
			name = Debug;
		};
		24D5CAA81FD5D19C00B1EDD7 /* Release */ = {
			isa = XCBuildConfiguration;
			buildSettings = {
				ALWAYS_SEARCH_USER_PATHS = NO;
				CLANG_ANALYZER_NONNULL = YES;
				CLANG_ANALYZER_NUMBER_OBJECT_CONVERSION = YES_AGGRESSIVE;
				CLANG_CXX_LANGUAGE_STANDARD = "gnu++14";
				CLANG_CXX_LIBRARY = "libc++";
				CLANG_ENABLE_MODULES = YES;
				CLANG_ENABLE_OBJC_ARC = YES;
				CLANG_WARN_BLOCK_CAPTURE_AUTORELEASING = YES;
				CLANG_WARN_BOOL_CONVERSION = YES;
				CLANG_WARN_COMMA = YES;
				CLANG_WARN_CONSTANT_CONVERSION = YES;
				CLANG_WARN_DIRECT_OBJC_ISA_USAGE = YES_ERROR;
				CLANG_WARN_DOCUMENTATION_COMMENTS = YES;
				CLANG_WARN_EMPTY_BODY = YES;
				CLANG_WARN_ENUM_CONVERSION = YES;
				CLANG_WARN_INFINITE_RECURSION = YES;
				CLANG_WARN_INT_CONVERSION = YES;
				CLANG_WARN_NON_LITERAL_NULL_CONVERSION = YES;
				CLANG_WARN_OBJC_LITERAL_CONVERSION = YES;
				CLANG_WARN_OBJC_ROOT_CLASS = YES_ERROR;
				CLANG_WARN_RANGE_LOOP_ANALYSIS = YES;
				CLANG_WARN_STRICT_PROTOTYPES = YES;
				CLANG_WARN_SUSPICIOUS_MOVE = YES;
				CLANG_WARN_UNGUARDED_AVAILABILITY = YES_AGGRESSIVE;
				CLANG_WARN_UNREACHABLE_CODE = YES;
				CLANG_WARN__DUPLICATE_METHOD_MATCH = YES;
				CODE_SIGN_IDENTITY = "iPhone Developer";
				COPY_PHASE_STRIP = NO;
				DEBUG_INFORMATION_FORMAT = "dwarf-with-dsym";
				ENABLE_NS_ASSERTIONS = NO;
				ENABLE_STRICT_OBJC_MSGSEND = YES;
				GCC_C_LANGUAGE_STANDARD = gnu11;
				GCC_NO_COMMON_BLOCKS = YES;
				GCC_WARN_64_TO_32_BIT_CONVERSION = YES;
				GCC_WARN_ABOUT_RETURN_TYPE = YES_ERROR;
				GCC_WARN_UNDECLARED_SELECTOR = YES;
				GCC_WARN_UNINITIALIZED_AUTOS = YES_AGGRESSIVE;
				GCC_WARN_UNUSED_FUNCTION = YES;
				GCC_WARN_UNUSED_VARIABLE = YES;
				IPHONEOS_DEPLOYMENT_TARGET = 11.1;
				MTL_ENABLE_DEBUG_INFO = NO;
				SDKROOT = iphoneos;
				SWIFT_OPTIMIZATION_LEVEL = "-Owholemodule";
				VALIDATE_PRODUCT = YES;
			};
			name = Release;
		};
		24D5CAAA1FD5D19C00B1EDD7 /* Debug */ = {
			isa = XCBuildConfiguration;
			baseConfigurationReference = 284E604B31FA1165D25C509A /* Pods-Kevin.debug.xcconfig */;
			buildSettings = {
				ASSETCATALOG_COMPILER_APPICON_NAME = AppIcon;
				CODE_SIGN_STYLE = Automatic;
				DEVELOPMENT_TEAM = 463ZNHD98J;
				INFOPLIST_FILE = Kevin/Info.plist;
				LD_RUNPATH_SEARCH_PATHS = "$(inherited) @executable_path/Frameworks";
				PRODUCT_BUNDLE_IDENTIFIER = com.tantivirun.Kevin;
				PRODUCT_NAME = "$(TARGET_NAME)";
				SWIFT_VERSION = 4.0;
				TARGETED_DEVICE_FAMILY = "1,2";
			};
			name = Debug;
		};
		24D5CAAB1FD5D19C00B1EDD7 /* Release */ = {
			isa = XCBuildConfiguration;
			baseConfigurationReference = 53B8520AB50839189DB0FB70 /* Pods-Kevin.release.xcconfig */;
			buildSettings = {
				ASSETCATALOG_COMPILER_APPICON_NAME = AppIcon;
				CODE_SIGN_STYLE = Automatic;
				DEVELOPMENT_TEAM = 463ZNHD98J;
				INFOPLIST_FILE = Kevin/Info.plist;
				LD_RUNPATH_SEARCH_PATHS = "$(inherited) @executable_path/Frameworks";
				PRODUCT_BUNDLE_IDENTIFIER = com.tantivirun.Kevin;
				PRODUCT_NAME = "$(TARGET_NAME)";
				SWIFT_VERSION = 4.0;
				TARGETED_DEVICE_FAMILY = "1,2";
			};
			name = Release;
		};
/* End XCBuildConfiguration section */

/* Begin XCConfigurationList section */
		24D5CA921FD5D19C00B1EDD7 /* Build configuration list for PBXProject "Kevin" */ = {
			isa = XCConfigurationList;
			buildConfigurations = (
				24D5CAA71FD5D19C00B1EDD7 /* Debug */,
				24D5CAA81FD5D19C00B1EDD7 /* Release */,
			);
			defaultConfigurationIsVisible = 0;
			defaultConfigurationName = Release;
		};
		24D5CAA91FD5D19C00B1EDD7 /* Build configuration list for PBXNativeTarget "Kevin" */ = {
			isa = XCConfigurationList;
			buildConfigurations = (
				24D5CAAA1FD5D19C00B1EDD7 /* Debug */,
				24D5CAAB1FD5D19C00B1EDD7 /* Release */,
			);
			defaultConfigurationIsVisible = 0;
			defaultConfigurationName = Release;
		};
/* End XCConfigurationList section */
	};
	rootObject = 24D5CA8F1FD5D19B00B1EDD7 /* Project object */;
}
